
Microsoft Visual Studio Solution File, Format Version 12.00
# Visual Studio Version 17
VisualStudioVersion = 17.11.35327.3
MinimumVisualStudioVersion = 10.0.40219.1
Project("{FAE04EC0-301F-11D3-BF4B-00C04F79EFBC}") = "Full_EF_Practice", "Full_EF_Practice\Full_EF_Practice.csproj", "{BAEFDD8C-1484-4BBE-AF23-D2726BEEB85E}"
EndProject
Global
	GlobalSection(SolutionConfigurationPlatforms) = preSolution
		Debug|Any CPU = Debug|Any CPU
		Release|Any CPU = Release|Any CPU
	EndGlobalSection
	GlobalSection(ProjectConfigurationPlatforms) = postSolution
		{BAEFDD8C-1484-4BBE-AF23-D2726BEEB85E}.Debug|Any CPU.ActiveCfg = Debug|Any CPU
		{BAEFDD8C-1484-4BBE-AF23-D2726BEEB85E}.Debug|Any CPU.Build.0 = Debug|Any CPU
		{BAEFDD8C-1484-4BBE-AF23-D2726BEEB85E}.Release|Any CPU.ActiveCfg = Release|Any CPU
		{BAEFDD8C-1484-4BBE-AF23-D2726BEEB85E}.Release|Any CPU.Build.0 = Release|Any CPU
	EndGlobalSection
	GlobalSection(SolutionProperties) = preSolution
		HideSolutionNode = FALSE
	EndGlobalSection
	GlobalSection(ExtensibilityGlobals) = postSolution
		SolutionGuid = {A3FB94DE-737E-44D9-81F6-369EFED9C340}
	EndGlobalSection
EndGlobal
